// !$*UTF8*$!
{
	archiveVersion = 1;
	classes = {
	};
	objectVersion = 52;
	objects = {

/* Begin PBXBuildFile section */
		40A2B0ED271A9D2600322449 /* XConcurrencyKit in Frameworks */ = {isa = PBXBuildFile; productRef = 40A2B0EC271A9D2600322449 /* XConcurrencyKit */; };
		40A2B0EF271A9D2600322449 /* Mutexes in Frameworks */ = {isa = PBXBuildFile; productRef = 40A2B0EE271A9D2600322449 /* Mutexes */; };
		40A2B0F1271A9D3500322449 /* XConcurrencyKit in Frameworks */ = {isa = PBXBuildFile; productRef = 40A2B0F0271A9D3500322449 /* XConcurrencyKit */; };
		40A2B0F3271A9D3500322449 /* Mutexes in Frameworks */ = {isa = PBXBuildFile; productRef = 40A2B0F2271A9D3500322449 /* Mutexes */; };
		40B47E1726ECDEBD00AC66D6 /* main.swift in Sources */ = {isa = PBXBuildFile; fileRef = 40B47E1626ECDEBD00AC66D6 /* main.swift */; };
		40B47E2426ECDF6A00AC66D6 /* main.swift in Sources */ = {isa = PBXBuildFile; fileRef = 40B47E2326ECDF6A00AC66D6 /* main.swift */; };
		40B47E2A26ECE0DC00AC66D6 /* MutexAdapters.swift in Sources */ = {isa = PBXBuildFile; fileRef = 40B47E2926ECE0DC00AC66D6 /* MutexAdapters.swift */; };
		40B47E2B26ECE0DC00AC66D6 /* MutexAdapters.swift in Sources */ = {isa = PBXBuildFile; fileRef = 40B47E2926ECE0DC00AC66D6 /* MutexAdapters.swift */; };
/* End PBXBuildFile section */

/* Begin PBXCopyFilesBuildPhase section */
		40B47E1126ECDEBD00AC66D6 /* CopyFiles */ = {
			isa = PBXCopyFilesBuildPhase;
			buildActionMask = 2147483647;
			dstPath = /usr/share/man/man1/;
			dstSubfolderSpec = 0;
			files = (
			);
			runOnlyForDeploymentPostprocessing = 1;
		};
		40B47E1F26ECDF6A00AC66D6 /* CopyFiles */ = {
			isa = PBXCopyFilesBuildPhase;
			buildActionMask = 2147483647;
			dstPath = /usr/share/man/man1/;
			dstSubfolderSpec = 0;
			files = (
			);
			runOnlyForDeploymentPostprocessing = 1;
		};
/* End PBXCopyFilesBuildPhase section */

/* Begin PBXFileReference section */
		40B47E1326ECDEBD00AC66D6 /* MutexBenchmarkNonContended */ = {isa = PBXFileReference; explicitFileType = "compiled.mach-o.executable"; includeInIndex = 0; path = MutexBenchmarkNonContended; sourceTree = BUILT_PRODUCTS_DIR; };
		40B47E1626ECDEBD00AC66D6 /* main.swift */ = {isa = PBXFileReference; lastKnownFileType = sourcecode.swift; path = main.swift; sourceTree = "<group>"; };
		40B47E2126ECDF6A00AC66D6 /* MutexBenchmarkContended */ = {isa = PBXFileReference; explicitFileType = "compiled.mach-o.executable"; includeInIndex = 0; path = MutexBenchmarkContended; sourceTree = BUILT_PRODUCTS_DIR; };
		40B47E2326ECDF6A00AC66D6 /* main.swift */ = {isa = PBXFileReference; lastKnownFileType = sourcecode.swift; path = main.swift; sourceTree = "<group>"; };
		40B47E2926ECE0DC00AC66D6 /* MutexAdapters.swift */ = {isa = PBXFileReference; lastKnownFileType = sourcecode.swift; path = MutexAdapters.swift; sourceTree = "<group>"; };
/* End PBXFileReference section */

/* Begin PBXFrameworksBuildPhase section */
		40B47E1026ECDEBD00AC66D6 /* Frameworks */ = {
			isa = PBXFrameworksBuildPhase;
			buildActionMask = 2147483647;
			files = (
				40A2B0EF271A9D2600322449 /* Mutexes in Frameworks */,
				40A2B0ED271A9D2600322449 /* XConcurrencyKit in Frameworks */,
			);
			runOnlyForDeploymentPostprocessing = 0;
		};
		40B47E1E26ECDF6A00AC66D6 /* Frameworks */ = {
			isa = PBXFrameworksBuildPhase;
			buildActionMask = 2147483647;
			files = (
				40A2B0F3271A9D3500322449 /* Mutexes in Frameworks */,
				40A2B0F1271A9D3500322449 /* XConcurrencyKit in Frameworks */,
			);
			runOnlyForDeploymentPostprocessing = 0;
		};
/* End PBXFrameworksBuildPhase section */

/* Begin PBXGroup section */
		40B47E0A26ECDEBD00AC66D6 = {
			isa = PBXGroup;
			children = (
				40B47E1526ECDEBD00AC66D6 /* MutexBenchmarkNonContended */,
				40B47E2226ECDF6A00AC66D6 /* MutexBenchmarkContended */,
				40B47E2826ECE0B400AC66D6 /* Shared */,
				40B47E1426ECDEBD00AC66D6 /* Products */,
				40B47E3526ECE1BF00AC66D6 /* Frameworks */,
			);
			sourceTree = "<group>";
		};
		40B47E1426ECDEBD00AC66D6 /* Products */ = {
			isa = PBXGroup;
			children = (
				40B47E1326ECDEBD00AC66D6 /* MutexBenchmarkNonContended */,
				40B47E2126ECDF6A00AC66D6 /* MutexBenchmarkContended */,
			);
			name = Products;
			sourceTree = "<group>";
		};
		40B47E1526ECDEBD00AC66D6 /* MutexBenchmarkNonContended */ = {
			isa = PBXGroup;
			children = (
				40B47E1626ECDEBD00AC66D6 /* main.swift */,
			);
			path = MutexBenchmarkNonContended;
			sourceTree = "<group>";
		};
		40B47E2226ECDF6A00AC66D6 /* MutexBenchmarkContended */ = {
			isa = PBXGroup;
			children = (
				40B47E2326ECDF6A00AC66D6 /* main.swift */,
			);
			path = MutexBenchmarkContended;
			sourceTree = "<group>";
		};
		40B47E2826ECE0B400AC66D6 /* Shared */ = {
			isa = PBXGroup;
			children = (
				40B47E2926ECE0DC00AC66D6 /* MutexAdapters.swift */,
			);
			path = Shared;
			sourceTree = "<group>";
		};
		40B47E3526ECE1BF00AC66D6 /* Frameworks */ = {
			isa = PBXGroup;
			children = (
			);
			name = Frameworks;
			sourceTree = "<group>";
		};
/* End PBXGroup section */

/* Begin PBXNativeTarget section */
		40B47E1226ECDEBD00AC66D6 /* MutexBenchmarkNonContended */ = {
			isa = PBXNativeTarget;
			buildConfigurationList = 40B47E1A26ECDEBD00AC66D6 /* Build configuration list for PBXNativeTarget "MutexBenchmarkNonContended" */;
			buildPhases = (
				40B47E0F26ECDEBD00AC66D6 /* Sources */,
				40B47E1026ECDEBD00AC66D6 /* Frameworks */,
				40B47E1126ECDEBD00AC66D6 /* CopyFiles */,
			);
			buildRules = (
			);
			dependencies = (
			);
			name = MutexBenchmarkNonContended;
			packageProductDependencies = (
				40A2B0EC271A9D2600322449 /* XConcurrencyKit */,
				40A2B0EE271A9D2600322449 /* Mutexes */,
			);
			productName = MutexBenchmark;
			productReference = 40B47E1326ECDEBD00AC66D6 /* MutexBenchmarkNonContended */;
			productType = "com.apple.product-type.tool";
		};
		40B47E2026ECDF6A00AC66D6 /* MutexBenchmarkContended */ = {
			isa = PBXNativeTarget;
			buildConfigurationList = 40B47E2526ECDF6A00AC66D6 /* Build configuration list for PBXNativeTarget "MutexBenchmarkContended" */;
			buildPhases = (
				40B47E1D26ECDF6A00AC66D6 /* Sources */,
				40B47E1E26ECDF6A00AC66D6 /* Frameworks */,
				40B47E1F26ECDF6A00AC66D6 /* CopyFiles */,
			);
			buildRules = (
			);
			dependencies = (
			);
			name = MutexBenchmarkContended;
			packageProductDependencies = (
				40A2B0F0271A9D3500322449 /* XConcurrencyKit */,
				40A2B0F2271A9D3500322449 /* Mutexes */,
			);
			productName = MutexBenchmarkContended;
			productReference = 40B47E2126ECDF6A00AC66D6 /* MutexBenchmarkContended */;
			productType = "com.apple.product-type.tool";
		};
/* End PBXNativeTarget section */

/* Begin PBXProject section */
		40B47E0B26ECDEBD00AC66D6 /* Project object */ = {
			isa = PBXProject;
			attributes = {
				LastSwiftUpdateCheck = 1140;
				LastUpgradeCheck = 1140;
				ORGANIZATIONNAME = irizen.com;
				TargetAttributes = {
					40B47E1226ECDEBD00AC66D6 = {
						CreatedOnToolsVersion = 11.4.1;
					};
					40B47E2026ECDF6A00AC66D6 = {
						CreatedOnToolsVersion = 11.4.1;
					};
				};
			};
			buildConfigurationList = 40B47E0E26ECDEBD00AC66D6 /* Build configuration list for PBXProject "MutexBenchmark" */;
			compatibilityVersion = "Xcode 9.3";
			developmentRegion = en;
			hasScannedForEncodings = 0;
			knownRegions = (
				en,
				Base,
			);
			mainGroup = 40B47E0A26ECDEBD00AC66D6;
			packageReferences = (
				4085A088271A94AB00712807 /* XCRemoteSwiftPackageReference "XConcurrencyKit" */,
				40D5D631271A9BD600EBC316 /* XCRemoteSwiftPackageReference "Mutexes" */,
			);
			productRefGroup = 40B47E1426ECDEBD00AC66D6 /* Products */;
			projectDirPath = "";
			projectRoot = "";
			targets = (
				40B47E1226ECDEBD00AC66D6 /* MutexBenchmarkNonContended */,
				40B47E2026ECDF6A00AC66D6 /* MutexBenchmarkContended */,
			);
		};
/* End PBXProject section */

/* Begin PBXSourcesBuildPhase section */
		40B47E0F26ECDEBD00AC66D6 /* Sources */ = {
			isa = PBXSourcesBuildPhase;
			buildActionMask = 2147483647;
			files = (
				40B47E1726ECDEBD00AC66D6 /* main.swift in Sources */,
				40B47E2A26ECE0DC00AC66D6 /* MutexAdapters.swift in Sources */,
			);
			runOnlyForDeploymentPostprocessing = 0;
		};
		40B47E1D26ECDF6A00AC66D6 /* Sources */ = {
			isa = PBXSourcesBuildPhase;
			buildActionMask = 2147483647;
			files = (
				40B47E2426ECDF6A00AC66D6 /* main.swift in Sources */,
				40B47E2B26ECE0DC00AC66D6 /* MutexAdapters.swift in Sources */,
			);
			runOnlyForDeploymentPostprocessing = 0;
		};
/* End PBXSourcesBuildPhase section */

/* Begin XCBuildConfiguration section */
		40B47E1826ECDEBD00AC66D6 /* Debug */ = {
			isa = XCBuildConfiguration;
			buildSettings = {
				ALWAYS_SEARCH_USER_PATHS = NO;
				CLANG_ANALYZER_NONNULL = YES;
				CLANG_ANALYZER_NUMBER_OBJECT_CONVERSION = YES_AGGRESSIVE;
				CLANG_CXX_LANGUAGE_STANDARD = "gnu++14";
				CLANG_CXX_LIBRARY = "libc++";
				CLANG_ENABLE_MODULES = YES;
				CLANG_ENABLE_OBJC_ARC = YES;
				CLANG_ENABLE_OBJC_WEAK = YES;
				CLANG_WARN_BLOCK_CAPTURE_AUTORELEASING = YES;
				CLANG_WARN_BOOL_CONVERSION = YES;
				CLANG_WARN_COMMA = YES;
				CLANG_WARN_CONSTANT_CONVERSION = YES;
				CLANG_WARN_DEPRECATED_OBJC_IMPLEMENTATIONS = YES;
				CLANG_WARN_DIRECT_OBJC_ISA_USAGE = YES_ERROR;
				CLANG_WARN_DOCUMENTATION_COMMENTS = YES;
				CLANG_WARN_EMPTY_BODY = YES;
				CLANG_WARN_ENUM_CONVERSION = YES;
				CLANG_WARN_INFINITE_RECURSION = YES;
				CLANG_WARN_INT_CONVERSION = YES;
				CLANG_WARN_NON_LITERAL_NULL_CONVERSION = YES;
				CLANG_WARN_OBJC_IMPLICIT_RETAIN_SELF = YES;
				CLANG_WARN_OBJC_LITERAL_CONVERSION = YES;
				CLANG_WARN_OBJC_ROOT_CLASS = YES_ERROR;
				CLANG_WARN_RANGE_LOOP_ANALYSIS = YES;
				CLANG_WARN_STRICT_PROTOTYPES = YES;
				CLANG_WARN_SUSPICIOUS_MOVE = YES;
				CLANG_WARN_UNGUARDED_AVAILABILITY = YES_AGGRESSIVE;
				CLANG_WARN_UNREACHABLE_CODE = YES;
				CLANG_WARN__DUPLICATE_METHOD_MATCH = YES;
				COPY_PHASE_STRIP = NO;
				DEBUG_INFORMATION_FORMAT = dwarf;
				ENABLE_STRICT_OBJC_MSGSEND = YES;
				ENABLE_TESTABILITY = YES;
				GCC_C_LANGUAGE_STANDARD = gnu11;
				GCC_DYNAMIC_NO_PIC = NO;
				GCC_NO_COMMON_BLOCKS = YES;
				GCC_OPTIMIZATION_LEVEL = 0;
				GCC_PREPROCESSOR_DEFINITIONS = (
					"DEBUG=1",
					"$(inherited)",
				);
				GCC_WARN_64_TO_32_BIT_CONVERSION = YES;
				GCC_WARN_ABOUT_RETURN_TYPE = YES_ERROR;
				GCC_WARN_UNDECLARED_SELECTOR = YES;
				GCC_WARN_UNINITIALIZED_AUTOS = YES_AGGRESSIVE;
				GCC_WARN_UNUSED_FUNCTION = YES;
				GCC_WARN_UNUSED_VARIABLE = YES;
				MACOSX_DEPLOYMENT_TARGET = 10.15;
				MTL_ENABLE_DEBUG_INFO = INCLUDE_SOURCE;
				MTL_FAST_MATH = YES;
				ONLY_ACTIVE_ARCH = YES;
				SDKROOT = macosx;
				SWIFT_ACTIVE_COMPILATION_CONDITIONS = DEBUG;
				SWIFT_ENFORCE_EXCLUSIVE_ACCESS = "debug-only";
				SWIFT_OPTIMIZATION_LEVEL = "-Onone";
			};
			name = Debug;
		};
		40B47E1926ECDEBD00AC66D6 /* Release */ = {
			isa = XCBuildConfiguration;
			buildSettings = {
				ALWAYS_SEARCH_USER_PATHS = NO;
				CLANG_ANALYZER_NONNULL = YES;
				CLANG_ANALYZER_NUMBER_OBJECT_CONVERSION = YES_AGGRESSIVE;
				CLANG_CXX_LANGUAGE_STANDARD = "gnu++14";
				CLANG_CXX_LIBRARY = "libc++";
				CLANG_ENABLE_MODULES = YES;
				CLANG_ENABLE_OBJC_ARC = YES;
				CLANG_ENABLE_OBJC_WEAK = YES;
				CLANG_WARN_BLOCK_CAPTURE_AUTORELEASING = YES;
				CLANG_WARN_BOOL_CONVERSION = YES;
				CLANG_WARN_COMMA = YES;
				CLANG_WARN_CONSTANT_CONVERSION = YES;
				CLANG_WARN_DEPRECATED_OBJC_IMPLEMENTATIONS = YES;
				CLANG_WARN_DIRECT_OBJC_ISA_USAGE = YES_ERROR;
				CLANG_WARN_DOCUMENTATION_COMMENTS = YES;
				CLANG_WARN_EMPTY_BODY = YES;
				CLANG_WARN_ENUM_CONVERSION = YES;
				CLANG_WARN_INFINITE_RECURSION = YES;
				CLANG_WARN_INT_CONVERSION = YES;
				CLANG_WARN_NON_LITERAL_NULL_CONVERSION = YES;
				CLANG_WARN_OBJC_IMPLICIT_RETAIN_SELF = YES;
				CLANG_WARN_OBJC_LITERAL_CONVERSION = YES;
				CLANG_WARN_OBJC_ROOT_CLASS = YES_ERROR;
				CLANG_WARN_RANGE_LOOP_ANALYSIS = YES;
				CLANG_WARN_STRICT_PROTOTYPES = YES;
				CLANG_WARN_SUSPICIOUS_MOVE = YES;
				CLANG_WARN_UNGUARDED_AVAILABILITY = YES_AGGRESSIVE;
				CLANG_WARN_UNREACHABLE_CODE = YES;
				CLANG_WARN__DUPLICATE_METHOD_MATCH = YES;
				COPY_PHASE_STRIP = NO;
				DEBUG_INFORMATION_FORMAT = "dwarf-with-dsym";
				ENABLE_NS_ASSERTIONS = NO;
				ENABLE_STRICT_OBJC_MSGSEND = YES;
				GCC_C_LANGUAGE_STANDARD = gnu11;
				GCC_NO_COMMON_BLOCKS = YES;
				GCC_WARN_64_TO_32_BIT_CONVERSION = YES;
				GCC_WARN_ABOUT_RETURN_TYPE = YES_ERROR;
				GCC_WARN_UNDECLARED_SELECTOR = YES;
				GCC_WARN_UNINITIALIZED_AUTOS = YES_AGGRESSIVE;
				GCC_WARN_UNUSED_FUNCTION = YES;
				GCC_WARN_UNUSED_VARIABLE = YES;
				MACOSX_DEPLOYMENT_TARGET = 10.15;
				MTL_ENABLE_DEBUG_INFO = NO;
				MTL_FAST_MATH = YES;
				SDKROOT = macosx;
				SWIFT_COMPILATION_MODE = wholemodule;
				SWIFT_ENFORCE_EXCLUSIVE_ACCESS = "debug-only";
				SWIFT_OPTIMIZATION_LEVEL = "-O";
			};
			name = Release;
		};
		40B47E1B26ECDEBD00AC66D6 /* Debug */ = {
			isa = XCBuildConfiguration;
			buildSettings = {
				CODE_SIGN_STYLE = Automatic;
				DEVELOPMENT_TEAM = PE3M477MG2;
				ENABLE_HARDENED_RUNTIME = YES;
				MACOSX_DEPLOYMENT_TARGET = 10.15;
				PRODUCT_NAME = "$(TARGET_NAME)";
				SWIFT_ENFORCE_EXCLUSIVE_ACCESS = "debug-only";
				SWIFT_VERSION = 5.0;
			};
			name = Debug;
		};
		40B47E1C26ECDEBD00AC66D6 /* Release */ = {
			isa = XCBuildConfiguration;
			buildSettings = {
				CODE_SIGN_STYLE = Automatic;
				DEVELOPMENT_TEAM = PE3M477MG2;
				ENABLE_HARDENED_RUNTIME = YES;
				MACOSX_DEPLOYMENT_TARGET = 10.15;
				PRODUCT_NAME = "$(TARGET_NAME)";
				SWIFT_ENFORCE_EXCLUSIVE_ACCESS = "debug-only";
				SWIFT_VERSION = 5.0;
			};
			name = Release;
		};
		40B47E2626ECDF6A00AC66D6 /* Debug */ = {
			isa = XCBuildConfiguration;
			buildSettings = {
				CODE_SIGN_STYLE = Automatic;
				DEVELOPMENT_TEAM = PE3M477MG2;
				ENABLE_HARDENED_RUNTIME = YES;
				MACOSX_DEPLOYMENT_TARGET = 10.15;
				PRODUCT_NAME = "$(TARGET_NAME)";
				SWIFT_VERSION = 5.0;
			};
			name = Debug;
		};
		40B47E2726ECDF6A00AC66D6 /* Release */ = {
			isa = XCBuildConfiguration;
			buildSettings = {
				CODE_SIGN_STYLE = Automatic;
				DEVELOPMENT_TEAM = PE3M477MG2;
				ENABLE_HARDENED_RUNTIME = YES;
				MACOSX_DEPLOYMENT_TARGET = 10.15;
				PRODUCT_NAME = "$(TARGET_NAME)";
				SWIFT_VERSION = 5.0;
			};
			name = Release;
		};
/* End XCBuildConfiguration section */

/* Begin XCConfigurationList section */
		40B47E0E26ECDEBD00AC66D6 /* Build configuration list for PBXProject "MutexBenchmark" */ = {
			isa = XCConfigurationList;
			buildConfigurations = (
				40B47E1826ECDEBD00AC66D6 /* Debug */,
				40B47E1926ECDEBD00AC66D6 /* Release */,
			);
			defaultConfigurationIsVisible = 0;
			defaultConfigurationName = Release;
		};
		40B47E1A26ECDEBD00AC66D6 /* Build configuration list for PBXNativeTarget "MutexBenchmarkNonContended" */ = {
			isa = XCConfigurationList;
			buildConfigurations = (
				40B47E1B26ECDEBD00AC66D6 /* Debug */,
				40B47E1C26ECDEBD00AC66D6 /* Release */,
			);
			defaultConfigurationIsVisible = 0;
			defaultConfigurationName = Release;
		};
		40B47E2526ECDF6A00AC66D6 /* Build configuration list for PBXNativeTarget "MutexBenchmarkContended" */ = {
			isa = XCConfigurationList;
			buildConfigurations = (
				40B47E2626ECDF6A00AC66D6 /* Debug */,
				40B47E2726ECDF6A00AC66D6 /* Release */,
			);
			defaultConfigurationIsVisible = 0;
			defaultConfigurationName = Release;
		};
/* End XCConfigurationList section */

/* Begin XCRemoteSwiftPackageReference section */
		4085A088271A94AB00712807 /* XCRemoteSwiftPackageReference "XConcurrencyKit" */ = {
			isa = XCRemoteSwiftPackageReference;
			repositoryURL = "https://github.com/SergeBouts/XConcurrencyKit.git";
			requirement = {
				kind = upToNextMinorVersion;
				minimumVersion = 0.1.0;
			};
		};
		40D5D631271A9BD600EBC316 /* XCRemoteSwiftPackageReference "Mutexes" */ = {
			isa = XCRemoteSwiftPackageReference;
			repositoryURL = "https://github.com/SergeBouts/Mutexes.git";
			requirement = {
				kind = upToNextMinorVersion;
				minimumVersion = 0.1.0;
			};
		};
/* End XCRemoteSwiftPackageReference section */

/* Begin XCSwiftPackageProductDependency section */
		40A2B0EC271A9D2600322449 /* XConcurrencyKit */ = {
			isa = XCSwiftPackageProductDependency;
			package = 4085A088271A94AB00712807 /* XCRemoteSwiftPackageReference "XConcurrencyKit" */;
			productName = XConcurrencyKit;
		};
		40A2B0EE271A9D2600322449 /* Mutexes */ = {
			isa = XCSwiftPackageProductDependency;
			package = 40D5D631271A9BD600EBC316 /* XCRemoteSwiftPackageReference "Mutexes" */;
			productName = Mutexes;
		};
		40A2B0F0271A9D3500322449 /* XConcurrencyKit */ = {
			isa = XCSwiftPackageProductDependency;
			package = 4085A088271A94AB00712807 /* XCRemoteSwiftPackageReference "XConcurrencyKit" */;
			productName = XConcurrencyKit;
		};
		40A2B0F2271A9D3500322449 /* Mutexes */ = {
			isa = XCSwiftPackageProductDependency;
			package = 40D5D631271A9BD600EBC316 /* XCRemoteSwiftPackageReference "Mutexes" */;
			productName = Mutexes;
		};
/* End XCSwiftPackageProductDependency section */
	};
	rootObject = 40B47E0B26ECDEBD00AC66D6 /* Project object */;
}
